// !$*UTF8*$!
{
	archiveVersion = 1;
	classes = {
	};
	objectVersion = 56;
	objects = {

/* Begin PBXBuildFile section */
		8AFE17DB2BBBECB2002CC3AA /* MapKitiOS17SwiftUIApp.swift in Sources */ = {isa = PBXBuildFile; fileRef = 8AFE17DA2BBBECB2002CC3AA /* MapKitiOS17SwiftUIApp.swift */; };
		8AFE17DD2BBBECB2002CC3AA /* MainMapView.swift in Sources */ = {isa = PBXBuildFile; fileRef = 8AFE17DC2BBBECB2002CC3AA /* MainMapView.swift */; };
		8AFE17DF2BBBECB4002CC3AA /* Assets.xcassets in Resources */ = {isa = PBXBuildFile; fileRef = 8AFE17DE2BBBECB4002CC3AA /* Assets.xcassets */; };
		8AFE17E22BBBECB4002CC3AA /* Preview Assets.xcassets in Resources */ = {isa = PBXBuildFile; fileRef = 8AFE17E12BBBECB4002CC3AA /* Preview Assets.xcassets */; };
		8AFE17E92BBBED34002CC3AA /* CLLocationCoordinate2D+Ext.swift in Sources */ = {isa = PBXBuildFile; fileRef = 8AFE17E82BBBED34002CC3AA /* CLLocationCoordinate2D+Ext.swift */; };
		8AFE17EC2BBBED8C002CC3AA /* MKCoordinateRegion+Ext.swift in Sources */ = {isa = PBXBuildFile; fileRef = 8AFE17EB2BBBED8C002CC3AA /* MKCoordinateRegion+Ext.swift */; };
		8AFE17F02BBBF947002CC3AA /* LocationDetailView.swift in Sources */ = {isa = PBXBuildFile; fileRef = 8AFE17EF2BBBF947002CC3AA /* LocationDetailView.swift */; };
		8AFE17F52BBC3013002CC3AA /* MainMapViewModel.swift in Sources */ = {isa = PBXBuildFile; fileRef = 8AFE17F42BBC3013002CC3AA /* MainMapViewModel.swift */; };
		8AFE17F72BBC338E002CC3AA /* AnnotationView.swift in Sources */ = {isa = PBXBuildFile; fileRef = 8AFE17F62BBC338E002CC3AA /* AnnotationView.swift */; };
/* End PBXBuildFile section */

/* Begin PBXFileReference section */
		8AFE17D72BBBECB2002CC3AA /* MapKitiOS17SwiftUI.app */ = {isa = PBXFileReference; explicitFileType = wrapper.application; includeInIndex = 0; path = MapKitiOS17SwiftUI.app; sourceTree = BUILT_PRODUCTS_DIR; };
		8AFE17DA2BBBECB2002CC3AA /* MapKitiOS17SwiftUIApp.swift */ = {isa = PBXFileReference; lastKnownFileType = sourcecode.swift; path = MapKitiOS17SwiftUIApp.swift; sourceTree = "<group>"; };
		8AFE17DC2BBBECB2002CC3AA /* MainMapView.swift */ = {isa = PBXFileReference; lastKnownFileType = sourcecode.swift; path = MainMapView.swift; sourceTree = "<group>"; };
		8AFE17DE2BBBECB4002CC3AA /* Assets.xcassets */ = {isa = PBXFileReference; lastKnownFileType = folder.assetcatalog; path = Assets.xcassets; sourceTree = "<group>"; };
		8AFE17E12BBBECB4002CC3AA /* Preview Assets.xcassets */ = {isa = PBXFileReference; lastKnownFileType = folder.assetcatalog; path = "Preview Assets.xcassets"; sourceTree = "<group>"; };
		8AFE17E82BBBED34002CC3AA /* CLLocationCoordinate2D+Ext.swift */ = {isa = PBXFileReference; lastKnownFileType = sourcecode.swift; path = "CLLocationCoordinate2D+Ext.swift"; sourceTree = "<group>"; };
		8AFE17EB2BBBED8C002CC3AA /* MKCoordinateRegion+Ext.swift */ = {isa = PBXFileReference; lastKnownFileType = sourcecode.swift; path = "MKCoordinateRegion+Ext.swift"; sourceTree = "<group>"; };
		8AFE17EF2BBBF947002CC3AA /* LocationDetailView.swift */ = {isa = PBXFileReference; lastKnownFileType = sourcecode.swift; path = LocationDetailView.swift; sourceTree = "<group>"; };
		8AFE17F42BBC3013002CC3AA /* MainMapViewModel.swift */ = {isa = PBXFileReference; lastKnownFileType = sourcecode.swift; path = MainMapViewModel.swift; sourceTree = "<group>"; };
		8AFE17F62BBC338E002CC3AA /* AnnotationView.swift */ = {isa = PBXFileReference; lastKnownFileType = sourcecode.swift; path = AnnotationView.swift; sourceTree = "<group>"; };
/* End PBXFileReference section */

/* Begin PBXFrameworksBuildPhase section */
		8AFE17D42BBBECB2002CC3AA /* Frameworks */ = {
			isa = PBXFrameworksBuildPhase;
			buildActionMask = 2147483647;
			files = (
			);
			runOnlyForDeploymentPostprocessing = 0;
		};
/* End PBXFrameworksBuildPhase section */

/* Begin PBXGroup section */
		8AFE17CE2BBBECB2002CC3AA = {
			isa = PBXGroup;
			children = (
				8AFE17D92BBBECB2002CC3AA /* MapKitiOS17SwiftUI */,
				8AFE17D82BBBECB2002CC3AA /* Products */,
			);
			sourceTree = "<group>";
		};
		8AFE17D82BBBECB2002CC3AA /* Products */ = {
			isa = PBXGroup;
			children = (
				8AFE17D72BBBECB2002CC3AA /* MapKitiOS17SwiftUI.app */,
			);
			name = Products;
			sourceTree = "<group>";
		};
		8AFE17D92BBBECB2002CC3AA /* MapKitiOS17SwiftUI */ = {
			isa = PBXGroup;
			children = (
				8AFE17F12BBC2EC3002CC3AA /* Screens */,
				8AFE17EA2BBBED71002CC3AA /* Utilities */,
				8AFE17DA2BBBECB2002CC3AA /* MapKitiOS17SwiftUIApp.swift */,
				8AFE17DE2BBBECB4002CC3AA /* Assets.xcassets */,
				8AFE17E02BBBECB4002CC3AA /* Preview Content */,
			);
			path = MapKitiOS17SwiftUI;
			sourceTree = "<group>";
		};
		8AFE17E02BBBECB4002CC3AA /* Preview Content */ = {
			isa = PBXGroup;
			children = (
				8AFE17E12BBBECB4002CC3AA /* Preview Assets.xcassets */,
			);
			path = "Preview Content";
			sourceTree = "<group>";
		};
		8AFE17EA2BBBED71002CC3AA /* Utilities */ = {
			isa = PBXGroup;
			children = (
				8AFE17E82BBBED34002CC3AA /* CLLocationCoordinate2D+Ext.swift */,
				8AFE17EB2BBBED8C002CC3AA /* MKCoordinateRegion+Ext.swift */,
			);
			path = Utilities;
			sourceTree = "<group>";
		};
		8AFE17F12BBC2EC3002CC3AA /* Screens */ = {
			isa = PBXGroup;
			children = (
				8AFE17F32BBC2EF1002CC3AA /* DetailView */,
				8AFE17F22BBC2EE8002CC3AA /* MainMap */,
				8AFE17F62BBC338E002CC3AA /* AnnotationView.swift */,
			);
			path = Screens;
			sourceTree = "<group>";
		};
		8AFE17F22BBC2EE8002CC3AA /* MainMap */ = {
			isa = PBXGroup;
			children = (
				8AFE17DC2BBBECB2002CC3AA /* MainMapView.swift */,
				8AFE17F42BBC3013002CC3AA /* MainMapViewModel.swift */,
			);
			path = MainMap;
			sourceTree = "<group>";
		};
		8AFE17F32BBC2EF1002CC3AA /* DetailView */ = {
			isa = PBXGroup;
			children = (
				8AFE17EF2BBBF947002CC3AA /* LocationDetailView.swift */,
			);
			path = DetailView;
			sourceTree = "<group>";
		};
/* End PBXGroup section */

/* Begin PBXNativeTarget section */
		8AFE17D62BBBECB2002CC3AA /* MapKitiOS17SwiftUI */ = {
			isa = PBXNativeTarget;
			buildConfigurationList = 8AFE17E52BBBECB4002CC3AA /* Build configuration list for PBXNativeTarget "MapKitiOS17SwiftUI" */;
			buildPhases = (
				8AFE17D32BBBECB2002CC3AA /* Sources */,
				8AFE17D42BBBECB2002CC3AA /* Frameworks */,
				8AFE17D52BBBECB2002CC3AA /* Resources */,
			);
			buildRules = (
			);
			dependencies = (
			);
			name = MapKitiOS17SwiftUI;
			productName = MapKitiOS17SwiftUI;
			productReference = 8AFE17D72BBBECB2002CC3AA /* MapKitiOS17SwiftUI.app */;
			productType = "com.apple.product-type.application";
		};
/* End PBXNativeTarget section */

/* Begin PBXProject section */
		8AFE17CF2BBBECB2002CC3AA /* Project object */ = {
			isa = PBXProject;
			attributes = {
				BuildIndependentTargetsInParallel = 1;
				LastSwiftUpdateCheck = 1500;
				LastUpgradeCheck = 1500;
				TargetAttributes = {
					8AFE17D62BBBECB2002CC3AA = {
						CreatedOnToolsVersion = 15.0.1;
					};
				};
			};
			buildConfigurationList = 8AFE17D22BBBECB2002CC3AA /* Build configuration list for PBXProject "MapKitiOS17SwiftUI" */;
			compatibilityVersion = "Xcode 14.0";
			developmentRegion = en;
			hasScannedForEncodings = 0;
			knownRegions = (
				en,
				Base,
			);
			mainGroup = 8AFE17CE2BBBECB2002CC3AA;
			productRefGroup = 8AFE17D82BBBECB2002CC3AA /* Products */;
			projectDirPath = "";
			projectRoot = "";
			targets = (
				8AFE17D62BBBECB2002CC3AA /* MapKitiOS17SwiftUI */,
			);
		};
/* End PBXProject section */

/* Begin PBXResourcesBuildPhase section */
		8AFE17D52BBBECB2002CC3AA /* Resources */ = {
			isa = PBXResourcesBuildPhase;
			buildActionMask = 2147483647;
			files = (
				8AFE17E22BBBECB4002CC3AA /* Preview Assets.xcassets in Resources */,
				8AFE17DF2BBBECB4002CC3AA /* Assets.xcassets in Resources */,
			);
			runOnlyForDeploymentPostprocessing = 0;
		};
/* End PBXResourcesBuildPhase section */

/* Begin PBXSourcesBuildPhase section */
		8AFE17D32BBBECB2002CC3AA /* Sources */ = {
			isa = PBXSourcesBuildPhase;
			buildActionMask = 2147483647;
			files = (
				8AFE17DD2BBBECB2002CC3AA /* MainMapView.swift in Sources */,
				8AFE17DB2BBBECB2002CC3AA /* MapKitiOS17SwiftUIApp.swift in Sources */,
				8AFE17F52BBC3013002CC3AA /* MainMapViewModel.swift in Sources */,
				8AFE17F72BBC338E002CC3AA /* AnnotationView.swift in Sources */,
				8AFE17E92BBBED34002CC3AA /* CLLocationCoordinate2D+Ext.swift in Sources */,
				8AFE17F02BBBF947002CC3AA /* LocationDetailView.swift in Sources */,
				8AFE17EC2BBBED8C002CC3AA /* MKCoordinateRegion+Ext.swift in Sources */,
			);
			runOnlyForDeploymentPostprocessing = 0;
		};
/* End PBXSourcesBuildPhase section */

/* Begin XCBuildConfiguration section */
		8AFE17E32BBBECB4002CC3AA /* Debug */ = {
			isa = XCBuildConfiguration;
			buildSettings = {
				ALWAYS_SEARCH_USER_PATHS = NO;
				ASSETCATALOG_COMPILER_GENERATE_SWIFT_ASSET_SYMBOL_EXTENSIONS = YES;
				CLANG_ANALYZER_NONNULL = YES;
				CLANG_ANALYZER_NUMBER_OBJECT_CONVERSION = YES_AGGRESSIVE;
				CLANG_CXX_LANGUAGE_STANDARD = "gnu++20";
				CLANG_ENABLE_MODULES = YES;
				CLANG_ENABLE_OBJC_ARC = YES;
				CLANG_ENABLE_OBJC_WEAK = YES;
				CLANG_WARN_BLOCK_CAPTURE_AUTORELEASING = YES;
				CLANG_WARN_BOOL_CONVERSION = YES;
				CLANG_WARN_COMMA = YES;
				CLANG_WARN_CONSTANT_CONVERSION = YES;
				CLANG_WARN_DEPRECATED_OBJC_IMPLEMENTATIONS = YES;
				CLANG_WARN_DIRECT_OBJC_ISA_USAGE = YES_ERROR;
				CLANG_WARN_DOCUMENTATION_COMMENTS = YES;
				CLANG_WARN_EMPTY_BODY = YES;
				CLANG_WARN_ENUM_CONVERSION = YES;
				CLANG_WARN_INFINITE_RECURSION = YES;
				CLANG_WARN_INT_CONVERSION = YES;
				CLANG_WARN_NON_LITERAL_NULL_CONVERSION = YES;
				CLANG_WARN_OBJC_IMPLICIT_RETAIN_SELF = YES;
				CLANG_WARN_OBJC_LITERAL_CONVERSION = YES;
				CLANG_WARN_OBJC_ROOT_CLASS = YES_ERROR;
				CLANG_WARN_QUOTED_INCLUDE_IN_FRAMEWORK_HEADER = YES;
				CLANG_WARN_RANGE_LOOP_ANALYSIS = YES;
				CLANG_WARN_STRICT_PROTOTYPES = YES;
				CLANG_WARN_SUSPICIOUS_MOVE = YES;
				CLANG_WARN_UNGUARDED_AVAILABILITY = YES_AGGRESSIVE;
				CLANG_WARN_UNREACHABLE_CODE = YES;
				CLANG_WARN__DUPLICATE_METHOD_MATCH = YES;
				COPY_PHASE_STRIP = NO;
				DEBUG_INFORMATION_FORMAT = dwarf;
				ENABLE_STRICT_OBJC_MSGSEND = YES;
				ENABLE_TESTABILITY = YES;
				ENABLE_USER_SCRIPT_SANDBOXING = YES;
				GCC_C_LANGUAGE_STANDARD = gnu17;
				GCC_DYNAMIC_NO_PIC = NO;
				GCC_NO_COMMON_BLOCKS = YES;
				GCC_OPTIMIZATION_LEVEL = 0;
				GCC_PREPROCESSOR_DEFINITIONS = (
					"DEBUG=1",
					"$(inherited)",
				);
				GCC_WARN_64_TO_32_BIT_CONVERSION = YES;
				GCC_WARN_ABOUT_RETURN_TYPE = YES_ERROR;
				GCC_WARN_UNDECLARED_SELECTOR = YES;
				GCC_WARN_UNINITIALIZED_AUTOS = YES_AGGRESSIVE;
				GCC_WARN_UNUSED_FUNCTION = YES;
				GCC_WARN_UNUSED_VARIABLE = YES;
				IPHONEOS_DEPLOYMENT_TARGET = 17.0;
				LOCALIZATION_PREFERS_STRING_CATALOGS = YES;
				MTL_ENABLE_DEBUG_INFO = INCLUDE_SOURCE;
				MTL_FAST_MATH = YES;
				ONLY_ACTIVE_ARCH = YES;
				SDKROOT = iphoneos;
				SWIFT_ACTIVE_COMPILATION_CONDITIONS = "DEBUG $(inherited)";
				SWIFT_OPTIMIZATION_LEVEL = "-Onone";
			};
			name = Debug;
		};
		8AFE17E42BBBECB4002CC3AA /* Release */ = {
			isa = XCBuildConfiguration;
			buildSettings = {
				ALWAYS_SEARCH_USER_PATHS = NO;
				ASSETCATALOG_COMPILER_GENERATE_SWIFT_ASSET_SYMBOL_EXTENSIONS = YES;
				CLANG_ANALYZER_NONNULL = YES;
				CLANG_ANALYZER_NUMBER_OBJECT_CONVERSION = YES_AGGRESSIVE;
				CLANG_CXX_LANGUAGE_STANDARD = "gnu++20";
				CLANG_ENABLE_MODULES = YES;
				CLANG_ENABLE_OBJC_ARC = YES;
				CLANG_ENABLE_OBJC_WEAK = YES;
				CLANG_WARN_BLOCK_CAPTURE_AUTORELEASING = YES;
				CLANG_WARN_BOOL_CONVERSION = YES;
				CLANG_WARN_COMMA = YES;
				CLANG_WARN_CONSTANT_CONVERSION = YES;
				CLANG_WARN_DEPRECATED_OBJC_IMPLEMENTATIONS = YES;
				CLANG_WARN_DIRECT_OBJC_ISA_USAGE = YES_ERROR;
				CLANG_WARN_DOCUMENTATION_COMMENTS = YES;
				CLANG_WARN_EMPTY_BODY = YES;
				CLANG_WARN_ENUM_CONVERSION = YES;
				CLANG_WARN_INFINITE_RECURSION = YES;
				CLANG_WARN_INT_CONVERSION = YES;
				CLANG_WARN_NON_LITERAL_NULL_CONVERSION = YES;
				CLANG_WARN_OBJC_IMPLICIT_RETAIN_SELF = YES;
				CLANG_WARN_OBJC_LITERAL_CONVERSION = YES;
				CLANG_WARN_OBJC_ROOT_CLASS = YES_ERROR;
				CLANG_WARN_QUOTED_INCLUDE_IN_FRAMEWORK_HEADER = YES;
				CLANG_WARN_RANGE_LOOP_ANALYSIS = YES;
				CLANG_WARN_STRICT_PROTOTYPES = YES;
				CLANG_WARN_SUSPICIOUS_MOVE = YES;
				CLANG_WARN_UNGUARDED_AVAILABILITY = YES_AGGRESSIVE;
				CLANG_WARN_UNREACHABLE_CODE = YES;
				CLANG_WARN__DUPLICATE_METHOD_MATCH = YES;
				COPY_PHASE_STRIP = NO;
				DEBUG_INFORMATION_FORMAT = "dwarf-with-dsym";
				ENABLE_NS_ASSERTIONS = NO;
				ENABLE_STRICT_OBJC_MSGSEND = YES;
				ENABLE_USER_SCRIPT_SANDBOXING = YES;
				GCC_C_LANGUAGE_STANDARD = gnu17;
				GCC_NO_COMMON_BLOCKS = YES;
				GCC_WARN_64_TO_32_BIT_CONVERSION = YES;
				GCC_WARN_ABOUT_RETURN_TYPE = YES_ERROR;
				GCC_WARN_UNDECLARED_SELECTOR = YES;
				GCC_WARN_UNINITIALIZED_AUTOS = YES_AGGRESSIVE;
				GCC_WARN_UNUSED_FUNCTION = YES;
				GCC_WARN_UNUSED_VARIABLE = YES;
				IPHONEOS_DEPLOYMENT_TARGET = 17.0;
				LOCALIZATION_PREFERS_STRING_CATALOGS = YES;
				MTL_ENABLE_DEBUG_INFO = NO;
				MTL_FAST_MATH = YES;
				SDKROOT = iphoneos;
				SWIFT_COMPILATION_MODE = wholemodule;
				VALIDATE_PRODUCT = YES;
			};
			name = Release;
		};
		8AFE17E62BBBECB4002CC3AA /* Debug */ = {
			isa = XCBuildConfiguration;
			buildSettings = {
				ASSETCATALOG_COMPILER_APPICON_NAME = AppIcon;
				ASSETCATALOG_COMPILER_GLOBAL_ACCENT_COLOR_NAME = AccentColor;
				CODE_SIGN_STYLE = Automatic;
				CURRENT_PROJECT_VERSION = 1;
				DEVELOPMENT_ASSET_PATHS = "\"MapKitiOS17SwiftUI/Preview Content\"";
				ENABLE_PREVIEWS = YES;
				GENERATE_INFOPLIST_FILE = YES;
				INFOPLIST_KEY_UIApplicationSceneManifest_Generation = YES;
				INFOPLIST_KEY_UIApplicationSupportsIndirectInputEvents = YES;
				INFOPLIST_KEY_UILaunchScreen_Generation = YES;
				INFOPLIST_KEY_UISupportedInterfaceOrientations_iPad = "UIInterfaceOrientationPortrait UIInterfaceOrientationPortraitUpsideDown UIInterfaceOrientationLandscapeLeft UIInterfaceOrientationLandscapeRight";
				INFOPLIST_KEY_UISupportedInterfaceOrientations_iPhone = "UIInterfaceOrientationPortrait UIInterfaceOrientationLandscapeLeft UIInterfaceOrientationLandscapeRight";
				LD_RUNPATH_SEARCH_PATHS = (
					"$(inherited)",
					"@executable_path/Frameworks",
				);
				MARKETING_VERSION = 1.0;
				PRODUCT_BUNDLE_IDENTIFIER = com.ua.MapKitiOS17SwiftUI;
				PRODUCT_NAME = "$(TARGET_NAME)";
				SWIFT_EMIT_LOC_STRINGS = YES;
				SWIFT_VERSION = 5.0;
				TARGETED_DEVICE_FAMILY = "1,2";
			};
			name = Debug;
		};
		8AFE17E72BBBECB4002CC3AA /* Release */ = {
			isa = XCBuildConfiguration;
			buildSettings = {
				ASSETCATALOG_COMPILER_APPICON_NAME = AppIcon;
				ASSETCATALOG_COMPILER_GLOBAL_ACCENT_COLOR_NAME = AccentColor;
				CODE_SIGN_STYLE = Automatic;
				CURRENT_PROJECT_VERSION = 1;
				DEVELOPMENT_ASSET_PATHS = "\"MapKitiOS17SwiftUI/Preview Content\"";
				ENABLE_PREVIEWS = YES;
				GENERATE_INFOPLIST_FILE = YES;
				INFOPLIST_KEY_UIApplicationSceneManifest_Generation = YES;
				INFOPLIST_KEY_UIApplicationSupportsIndirectInputEvents = YES;
				INFOPLIST_KEY_UILaunchScreen_Generation = YES;
				INFOPLIST_KEY_UISupportedInterfaceOrientations_iPad = "UIInterfaceOrientationPortrait UIInterfaceOrientationPortraitUpsideDown UIInterfaceOrientationLandscapeLeft UIInterfaceOrientationLandscapeRight";
				INFOPLIST_KEY_UISupportedInterfaceOrientations_iPhone = "UIInterfaceOrientationPortrait UIInterfaceOrientationLandscapeLeft UIInterfaceOrientationLandscapeRight";
				LD_RUNPATH_SEARCH_PATHS = (
					"$(inherited)",
					"@executable_path/Frameworks",
				);
				MARKETING_VERSION = 1.0;
				PRODUCT_BUNDLE_IDENTIFIER = com.ua.MapKitiOS17SwiftUI;
				PRODUCT_NAME = "$(TARGET_NAME)";
				SWIFT_EMIT_LOC_STRINGS = YES;
				SWIFT_VERSION = 5.0;
				TARGETED_DEVICE_FAMILY = "1,2";
			};
			name = Release;
		};
/* End XCBuildConfiguration section */

/* Begin XCConfigurationList section */
		8AFE17D22BBBECB2002CC3AA /* Build configuration list for PBXProject "MapKitiOS17SwiftUI" */ = {
			isa = XCConfigurationList;
			buildConfigurations = (
				8AFE17E32BBBECB4002CC3AA /* Debug */,
				8AFE17E42BBBECB4002CC3AA /* Release */,
			);
			defaultConfigurationIsVisible = 0;
			defaultConfigurationName = Release;
		};
		8AFE17E52BBBECB4002CC3AA /* Build configuration list for PBXNativeTarget "MapKitiOS17SwiftUI" */ = {
			isa = XCConfigurationList;
			buildConfigurations = (
				8AFE17E62BBBECB4002CC3AA /* Debug */,
				8AFE17E72BBBECB4002CC3AA /* Release */,
			);
			defaultConfigurationIsVisible = 0;
			defaultConfigurationName = Release;
		};
/* End XCConfigurationList section */
	};
	rootObject = 8AFE17CF2BBBECB2002CC3AA /* Project object */;
}
